
Microsoft Visual Studio Solution File, Format Version 12.00
# Visual Studio Version 17
VisualStudioVersion = 17.12.35728.132
MinimumVisualStudioVersion = 10.0.40219.1
Project("{FAE04EC0-301F-11D3-BF4B-00C04F79EFBC}") = "Blog_DataAccess", "Blog_DataAccess\Blog_DataAccess.csproj", "{61AB4ACA-DC90-4C5F-9B8F-78C119CC83C2}"
EndProject
Project("{FAE04EC0-301F-11D3-BF4B-00C04F79EFBC}") = "Blog_Business", "Blog_Business\Blog_Business.csproj", "{B6D34F00-8C4C-4754-965B-F5EB2F628E58}"
EndProject
Project("{FAE04EC0-301F-11D3-BF4B-00C04F79EFBC}") = "Blog_Entities", "Blog_Entities\Blog_Entities.csproj", "{85CE02D0-E266-46A9-8B15-48C3B2E45D29}"
EndProject
Project("{FAE04EC0-301F-11D3-BF4B-00C04F79EFBC}") = "Blog_WebApi", "Blog_WebApi\Blog_WebApi.csproj", "{77631D63-9CFD-4EFB-AA89-9BB703F8F82E}"
EndProject
Project("{54A90642-561A-4BB1-A94E-469ADEE60C69}") = "Blog_WebApp", "Blog_WebApp\Blog_WebApp.esproj", "{C4B63945-ABC3-4D39-99F9-D88C1D4356B2}"
EndProject
Global
	GlobalSection(SolutionConfigurationPlatforms) = preSolution
		Debug|Any CPU = Debug|Any CPU
		Release|Any CPU = Release|Any CPU
	EndGlobalSection
	GlobalSection(ProjectConfigurationPlatforms) = postSolution
		{61AB4ACA-DC90-4C5F-9B8F-78C119CC83C2}.Debug|Any CPU.ActiveCfg = Debug|Any CPU
		{61AB4ACA-DC90-4C5F-9B8F-78C119CC83C2}.Debug|Any CPU.Build.0 = Debug|Any CPU
		{61AB4ACA-DC90-4C5F-9B8F-78C119CC83C2}.Release|Any CPU.ActiveCfg = Release|Any CPU
		{61AB4ACA-DC90-4C5F-9B8F-78C119CC83C2}.Release|Any CPU.Build.0 = Release|Any CPU
		{B6D34F00-8C4C-4754-965B-F5EB2F628E58}.Debug|Any CPU.ActiveCfg = Debug|Any CPU
		{B6D34F00-8C4C-4754-965B-F5EB2F628E58}.Debug|Any CPU.Build.0 = Debug|Any CPU
		{B6D34F00-8C4C-4754-965B-F5EB2F628E58}.Release|Any CPU.ActiveCfg = Release|Any CPU
		{B6D34F00-8C4C-4754-965B-F5EB2F628E58}.Release|Any CPU.Build.0 = Release|Any CPU
		{85CE02D0-E266-46A9-8B15-48C3B2E45D29}.Debug|Any CPU.ActiveCfg = Debug|Any CPU
		{85CE02D0-E266-46A9-8B15-48C3B2E45D29}.Debug|Any CPU.Build.0 = Debug|Any CPU
		{85CE02D0-E266-46A9-8B15-48C3B2E45D29}.Release|Any CPU.ActiveCfg = Release|Any CPU
		{85CE02D0-E266-46A9-8B15-48C3B2E45D29}.Release|Any CPU.Build.0 = Release|Any CPU
		{77631D63-9CFD-4EFB-AA89-9BB703F8F82E}.Debug|Any CPU.ActiveCfg = Debug|Any CPU
		{77631D63-9CFD-4EFB-AA89-9BB703F8F82E}.Debug|Any CPU.Build.0 = Debug|Any CPU
		{77631D63-9CFD-4EFB-AA89-9BB703F8F82E}.Release|Any CPU.ActiveCfg = Release|Any CPU
		{77631D63-9CFD-4EFB-AA89-9BB703F8F82E}.Release|Any CPU.Build.0 = Release|Any CPU
		{C4B63945-ABC3-4D39-99F9-D88C1D4356B2}.Debug|Any CPU.ActiveCfg = Debug|Any CPU
		{C4B63945-ABC3-4D39-99F9-D88C1D4356B2}.Debug|Any CPU.Build.0 = Debug|Any CPU
		{C4B63945-ABC3-4D39-99F9-D88C1D4356B2}.Debug|Any CPU.Deploy.0 = Debug|Any CPU
		{C4B63945-ABC3-4D39-99F9-D88C1D4356B2}.Release|Any CPU.ActiveCfg = Release|Any CPU
		{C4B63945-ABC3-4D39-99F9-D88C1D4356B2}.Release|Any CPU.Build.0 = Release|Any CPU
		{C4B63945-ABC3-4D39-99F9-D88C1D4356B2}.Release|Any CPU.Deploy.0 = Release|Any CPU
	EndGlobalSection
	GlobalSection(SolutionProperties) = preSolution
		HideSolutionNode = FALSE
	EndGlobalSection
EndGlobal
